
Microsoft Visual Studio Solution File, Format Version 12.00
# Visual Studio Version 16
VisualStudioVersion = 16.0.30413.136
MinimumVisualStudioVersion = 10.0.40219.1
Project("{FAE04EC0-301F-11D3-BF4B-00C04F79EFBC}") = "Gestiondeliste", "Gestiondeliste\Gestiondeliste.csproj", "{9827F2B9-A02B-4923-8F89-9A49354AEE75}"
EndProject
Global
	GlobalSection(SolutionConfigurationPlatforms) = preSolution
		Debug|Any CPU = Debug|Any CPU
		Release|Any CPU = Release|Any CPU
	EndGlobalSection
	GlobalSection(ProjectConfigurationPlatforms) = postSolution
		{9827F2B9-A02B-4923-8F89-9A49354AEE75}.Debug|Any CPU.ActiveCfg = Debug|Any CPU
		{9827F2B9-A02B-4923-8F89-9A49354AEE75}.Debug|Any CPU.Build.0 = Debug|Any CPU
		{9827F2B9-A02B-4923-8F89-9A49354AEE75}.Release|Any CPU.ActiveCfg = Release|Any CPU
		{9827F2B9-A02B-4923-8F89-9A49354AEE75}.Release|Any CPU.Build.0 = Release|Any CPU
	EndGlobalSection
	GlobalSection(SolutionProperties) = preSolution
		HideSolutionNode = FALSE
	EndGlobalSection
	GlobalSection(ExtensibilityGlobals) = postSolution
		SolutionGuid = {82361762-9081-4A6D-B295-C7586F2F5F73}
	EndGlobalSection
EndGlobal
